{
  "artifacts": {},
  "build": {
    "builder": "scripts/release/build_loopx_embedded_source.py",
    "cross_platform_tree_digest": true,
    "reproducible": true
  },
  "doctor": {
    "required_deep_checks": [
      "package-identity",
      "embedded-source-integrity",
      "embedded-runtime-layout",
      "archive-entry-retired",
      "import-and-cli-entry",
      "extension-skill-resource-discovery",
      "workspace-private-state"
    ],
    "required_identity": {
      "entry_points": {
        "loopx": "loopx.cli:main",
        "loopx-lark-provider": "loopx.extensions.lark.provider:main",
        "loopx-openviking-semantic-preference": "loopx.extensions.openviking_semantic_preference.provider:main"
      },
      "source_commit": "a2c072d412d90839132e1cf39c23dd431c394175",
      "source_ref": "v0.2.13",
      "source_tree_commit": "7232dca45ec2ca996edc43b2d3558edc802c844e",
      "tree_digest": "66af2de0082dbadf7c7cb3ffc85b9b91b889c0433103ea3bc05abb313d831961",
      "version": "0.2.13"
    },
    "retired_install_path_ignored": true,
    "schema": "zyra.loopx-embedded-doctor-metadata/v1",
    "workspace_state_contract": "{workspace}/.zyra/loopx/state"
  },
  "lock_digest": "7f3cee74b1e5530ae8574510f3e9cacf3cec893e9f94982f8d27aa28a118a164",
  "package": {
    "entry_points": {
      "loopx": "loopx.cli:main",
      "loopx-lark-provider": "loopx.extensions.lark.provider:main",
      "loopx-openviking-semantic-preference": "loopx.extensions.openviking_semantic_preference.provider:main"
    },
    "extension_entry_points": {
      "loopx-finance-value-discovery": "loopx_finance_value_discovery.cli:main"
    },
    "language": "python",
    "line_bucket": "runtime-assets/vendor-like",
    "migration_mode": "pinned_embedded_source_integration",
    "name": "loopx",
    "package_data": [
      "loopx/capabilities/auto_research/worker_skill/SKILL.md",
      "loopx/extensions/lark/extension.toml",
      "loopx/extensions/openviking_periodic_report/extension.toml",
      "loopx/extensions/openviking_semantic_preference/extension.toml",
      "loopx/opencode_goal_mode/README.md",
      "loopx/opencode_goal_mode/goal-bridge-runtime.mjs",
      "loopx/opencode_goal_mode/loopx-goal.js"
    ],
    "packages": [
      "loopx",
      "loopx.benchmark_adapters",
      "loopx.benchmark_core",
      "loopx.benchmarks",
      "loopx.benchmarks.qualification",
      "loopx.benchmarks.read_models",
      "loopx.canary",
      "loopx.capabilities",
      "loopx.capabilities.auto_research",
      "loopx.capabilities.content_ops",
      "loopx.capabilities.context_providers",
      "loopx.capabilities.explore",
      "loopx.capabilities.issue_fix",
      "loopx.capabilities.periodic_report",
      "loopx.capabilities.reward_memory",
      "loopx.capabilities.semantic_preference",
      "loopx.capabilities.value_connectors",
      "loopx.claude_goal_mode",
      "loopx.claude_goal_mode.hooks",
      "loopx.claude_goal_mode.mcp",
      "loopx.claude_goal_mode.scripts",
      "loopx.claude_goal_mode.statusline",
      "loopx.cli_commands",
      "loopx.control_plane",
      "loopx.control_plane.agents",
      "loopx.control_plane.agents.multi_agent",
      "loopx.control_plane.goals",
      "loopx.control_plane.handoff",
      "loopx.control_plane.quota",
      "loopx.control_plane.runtime",
      "loopx.control_plane.scheduler",
      "loopx.control_plane.testing",
      "loopx.control_plane.todos",
      "loopx.control_plane.turn_driver",
      "loopx.control_plane.work_items",
      "loopx.domain_packs",
      "loopx.extensions",
      "loopx.extensions.lark",
      "loopx.extensions.lark.presentation",
      "loopx.extensions.openviking_periodic_report",
      "loopx.extensions.openviking_semantic_preference",
      "loopx.opencode_goal_mode",
      "loopx.presentation",
      "loopx.presentation.renderers",
      "loopx.presentation.sinks",
      "loopx_finance_value_discovery"
    ],
    "requires_python": ">=3.11",
    "runtime_dependencies": [],
    "runtime_dependency_imports": [],
    "source_commit": "a2c072d412d90839132e1cf39c23dd431c394175",
    "source_object_type": "annotated_tag",
    "source_ref": "v0.2.13",
    "source_role": "supplementary_implementation",
    "source_tree_commit": "7232dca45ec2ca996edc43b2d3558edc802c844e",
    "state_owner": "loopx_private_control",
    "version": "0.2.13"
  },
  "profiles": {
    "pinned_embedded_source": {
      "archive_extraction": false,
      "archive_fallback": false,
      "network_access": false,
      "retired_install_path": "{workspace}/.zyra/loopx/install",
      "root_source_fallback": false,
      "source": "packages/integrations/loopx_runtime",
      "user_level_fallback": false,
      "workspace_state": "{workspace}/.zyra/loopx/state"
    }
  },
  "release": {
    "archive_install_required": false,
    "first_task_install_required": false,
    "offline": true,
    "packaged_runtime": true,
    "source_repository_required_at_runtime": false,
    "supplementary": true
  },
  "schema": "zyra.loopx-package-lock/v2",
  "slice": {
    "base_commit": "3c4d1092187b1777468cad0ce2a772244d012197",
    "slice_id": "P2-S01-04"
  },
  "source_manifest": {
    "file_count": 1925,
    "path": "packages/integrations/loopx_runtime/SOURCE-MANIFEST.json",
    "schema": "zyra.loopx-embedded-source-manifest/v1",
    "sha256": "7d040170be1624b89076303f0bfb9d227760bf39c667505889981aba1997acd0",
    "tree_digest": "66af2de0082dbadf7c7cb3ffc85b9b91b889c0433103ea3bc05abb313d831961"
  }
}
